
Microsoft Visual Studio Solution File, Format Version 12.00
# Visual Studio Version 17
VisualStudioVersion = 17.14.36414.22
MinimumVisualStudioVersion = 10.0.40219.1
Project("{2150E333-8FDC-42A3-9474-1A3956D46DE8}") = "Task0", "Task0", "{02EA681E-C7D8-13C7-8484-4AC65E1B71E8}"
EndProject
Project("{FAE04EC0-301F-11D3-BF4B-00C04F79EFBC}") = "Tyuiu.KislayaVA.Sprint0.Task0.V0", "Tyuiu.KislayaVA.Sprint0.Task0.V0\Tyuiu.KislayaVA.Sprint0.Task0.V0.csproj", "{A3FD7B34-D6A3-4A2D-B0F2-674C08ACB37C}"
EndProject
Project("{2150E333-8FDC-42A3-9474-1A3956D46DE8}") = "Task1", "Task1", "{A2B9B694-C899-45D5-874C-710EBB1E003C}"
EndProject
Project("{FAE04EC0-301F-11D3-BF4B-00C04F79EFBC}") = "Tyuiu.KislayaVA.Sprint0.Task1.V0", "Tyuiu.KislayaVA.Sprint0.Task1.V0\Tyuiu.KislayaVA.Sprint0.Task1.V0.csproj", "{F355B048-B37D-4D71-A1E2-9ADD73F488D3}"
EndProject
Project("{2150E333-8FDC-42A3-9474-1A3956D46DE8}") = "Task2", "Task2", "{F2671468-D893-4DCD-B81C-8DC9DED2F7A9}"
EndProject
Project("{FAE04EC0-301F-11D3-BF4B-00C04F79EFBC}") = "Tyuiu.KislayaVA.Sprint0.Task2.V0", "Tyuiu.KislayaVA.Sprint0.Task2.V0\Tyuiu.KislayaVA.Sprint0.Task2.V0.csproj", "{D33AD3F0-148C-43F1-9F68-AE412D009693}"
EndProject
Project("{FAE04EC0-301F-11D3-BF4B-00C04F79EFBC}") = "Tyuiu.KislayaVA.Sprint0.Task2.V0.Lib", "Tyuiu.KislayaVA.Sprint0.Task2.V0.Lib\Tyuiu.KislayaVA.Sprint0.Task2.V0.Lib.csproj", "{EC3CF875-92F6-48F1-B485-2C3078FD6222}"
EndProject
Project("{FAE04EC0-301F-11D3-BF4B-00C04F79EFBC}") = "Tyuiu.KislayaVA.Sprint0.Task2.V0.Test", "Tyuiu.KislayaVA.Sprint0.Task2.V0.Test\Tyuiu.KislayaVA.Sprint0.Task2.V0.Test.csproj", "{0DA6DA44-01AD-42D6-A7C8-0BD62B5671F5}"
EndProject
Project("{2150E333-8FDC-42A3-9474-1A3956D46DE8}") = "Task3", "Task3", "{E5DEEACD-2EA1-4E9F-B029-1760812E898A}"
EndProject
Project("{FAE04EC0-301F-11D3-BF4B-00C04F79EFBC}") = "Tyuiu.KislayaVA.Sprint0.Task3.V0", "Tyuiu.KislayaVA.Sprint0.Task3.V0\Tyuiu.KislayaVA.Sprint0.Task3.V0.csproj", "{17FC98BA-0C98-4326-AE18-0C3891F005E0}"
EndProject
Project("{FAE04EC0-301F-11D3-BF4B-00C04F79EFBC}") = "Tyuiu.KislayaVA.Sprint0.Task3.V0.Lib", "Tyuiu.KislayaVA.Sprint0.Task3.V0.Lib\Tyuiu.KislayaVA.Sprint0.Task3.V0.Lib.csproj", "{DCBB0D7B-649A-449D-B995-797AB6529086}"
EndProject
Project("{FAE04EC0-301F-11D3-BF4B-00C04F79EFBC}") = "Tyuiu.KislayaVA.Sprint0.Task3.V0.Test", "Tyuiu.KislayaVA.Sprint0.Task3.V0.Test\Tyuiu.KislayaVA.Sprint0.Task3.V0.Test.csproj", "{298F6400-C765-43E5-9CFE-22CD4DB34CED}"
EndProject
Project("{2150E333-8FDC-42A3-9474-1A3956D46DE8}") = "Task4", "Task4", "{55C93376-C800-41FB-826D-4FED33466350}"
EndProject
Project("{FAE04EC0-301F-11D3-BF4B-00C04F79EFBC}") = "Tyuiu.KislayaVA.Sprint0.Task4.V0", "Tyuiu.KislayaVA.Sprint0.Task4.V0\Tyuiu.KislayaVA.Sprint0.Task4.V0.csproj", "{BE11BF82-BE36-45D5-BBDF-214B66D50C9D}"
EndProject
Project("{FAE04EC0-301F-11D3-BF4B-00C04F79EFBC}") = "Tyuiu.KislayaVA.Sprint0.Task4.V0.Lib", "Tyuiu.KislayaVA.Sprint0.Task4.V0.Lib\Tyuiu.KislayaVA.Sprint0.Task4.V0.Lib.csproj", "{F20F58B3-2874-4952-BA7D-315A3D23220E}"
EndProject
Project("{FAE04EC0-301F-11D3-BF4B-00C04F79EFBC}") = "Tyuiu.KislayaVA.Sprint0.Task4.V0.Test", "Tyuiu.KislayaVA.Sprint0.Task4.V0.Test\Tyuiu.KislayaVA.Sprint0.Task4.V0.Test.csproj", "{5DAB9B3E-F129-40D6-B431-E27614C47C34}"
EndProject
Project("{2150E333-8FDC-42A3-9474-1A3956D46DE8}") = "Task5", "Task5", "{D37F4271-F9E4-4E95-9BEA-103CE53CA2F9}"
EndProject
Project("{2150E333-8FDC-42A3-9474-1A3956D46DE8}") = "Task6", "Task6", "{B32E943C-94BE-4DDA-A889-B7521B367BA8}"
EndProject
Project("{2150E333-8FDC-42A3-9474-1A3956D46DE8}") = "Task7", "Task7", "{D449E6D7-F636-42E8-8F97-9DA10D41F4EC}"
EndProject
Project("{FAE04EC0-301F-11D3-BF4B-00C04F79EFBC}") = "Tyuiu.KislayaVA.Sprint0.Task5.V0", "Tyuiu.KislayaVA.Sprint0.Task5.V0\Tyuiu.KislayaVA.Sprint0.Task5.V0.csproj", "{BA67B736-A15B-4FF1-8438-F40C22631E18}"
EndProject
Project("{FAE04EC0-301F-11D3-BF4B-00C04F79EFBC}") = "Tyuiu.KislayaVA.Sprint0.Task5.V0.Lib", "Tyuiu.KislayaVA.Sprint0.Task5.V0.Lib\Tyuiu.KislayaVA.Sprint0.Task5.V0.Lib.csproj", "{7C1F92E6-0AD6-4790-9852-3902CDD560BD}"
EndProject
Project("{FAE04EC0-301F-11D3-BF4B-00C04F79EFBC}") = "Tyuiu.KislayaVA.Sprint0.Task5.V0.Test", "Tyuiu.KislayaVA.Sprint0.Task5.V0.Test\Tyuiu.KislayaVA.Sprint0.Task5.V0.Test.csproj", "{B65DF813-65A1-4CE9-A440-0C1CADAD3BAA}"
EndProject
Global
	GlobalSection(SolutionConfigurationPlatforms) = preSolution
		Debug|Any CPU = Debug|Any CPU
		Release|Any CPU = Release|Any CPU
	EndGlobalSection
	GlobalSection(ProjectConfigurationPlatforms) = postSolution
		{A3FD7B34-D6A3-4A2D-B0F2-674C08ACB37C}.Debug|Any CPU.ActiveCfg = Debug|Any CPU
		{A3FD7B34-D6A3-4A2D-B0F2-674C08ACB37C}.Debug|Any CPU.Build.0 = Debug|Any CPU
		{A3FD7B34-D6A3-4A2D-B0F2-674C08ACB37C}.Release|Any CPU.ActiveCfg = Release|Any CPU
		{A3FD7B34-D6A3-4A2D-B0F2-674C08ACB37C}.Release|Any CPU.Build.0 = Release|Any CPU
		{F355B048-B37D-4D71-A1E2-9ADD73F488D3}.Debug|Any CPU.ActiveCfg = Debug|Any CPU
		{F355B048-B37D-4D71-A1E2-9ADD73F488D3}.Debug|Any CPU.Build.0 = Debug|Any CPU
		{F355B048-B37D-4D71-A1E2-9ADD73F488D3}.Release|Any CPU.ActiveCfg = Release|Any CPU
		{F355B048-B37D-4D71-A1E2-9ADD73F488D3}.Release|Any CPU.Build.0 = Release|Any CPU
		{D33AD3F0-148C-43F1-9F68-AE412D009693}.Debug|Any CPU.ActiveCfg = Debug|Any CPU
		{D33AD3F0-148C-43F1-9F68-AE412D009693}.Debug|Any CPU.Build.0 = Debug|Any CPU
		{D33AD3F0-148C-43F1-9F68-AE412D009693}.Release|Any CPU.ActiveCfg = Release|Any CPU
		{D33AD3F0-148C-43F1-9F68-AE412D009693}.Release|Any CPU.Build.0 = Release|Any CPU
		{EC3CF875-92F6-48F1-B485-2C3078FD6222}.Debug|Any CPU.ActiveCfg = Debug|Any CPU
		{EC3CF875-92F6-48F1-B485-2C3078FD6222}.Debug|Any CPU.Build.0 = Debug|Any CPU
		{EC3CF875-92F6-48F1-B485-2C3078FD6222}.Release|Any CPU.ActiveCfg = Release|Any CPU
		{EC3CF875-92F6-48F1-B485-2C3078FD6222}.Release|Any CPU.Build.0 = Release|Any CPU
		{0DA6DA44-01AD-42D6-A7C8-0BD62B5671F5}.Debug|Any CPU.ActiveCfg = Debug|Any CPU
		{0DA6DA44-01AD-42D6-A7C8-0BD62B5671F5}.Debug|Any CPU.Build.0 = Debug|Any CPU
		{0DA6DA44-01AD-42D6-A7C8-0BD62B5671F5}.Release|Any CPU.ActiveCfg = Release|Any CPU
		{0DA6DA44-01AD-42D6-A7C8-0BD62B5671F5}.Release|Any CPU.Build.0 = Release|Any CPU
		{17FC98BA-0C98-4326-AE18-0C3891F005E0}.Debug|Any CPU.ActiveCfg = Debug|Any CPU
		{17FC98BA-0C98-4326-AE18-0C3891F005E0}.Debug|Any CPU.Build.0 = Debug|Any CPU
		{17FC98BA-0C98-4326-AE18-0C3891F005E0}.Release|Any CPU.ActiveCfg = Release|Any CPU
		{17FC98BA-0C98-4326-AE18-0C3891F005E0}.Release|Any CPU.Build.0 = Release|Any CPU
		{DCBB0D7B-649A-449D-B995-797AB6529086}.Debug|Any CPU.ActiveCfg = Debug|Any CPU
		{DCBB0D7B-649A-449D-B995-797AB6529086}.Debug|Any CPU.Build.0 = Debug|Any CPU
		{DCBB0D7B-649A-449D-B995-797AB6529086}.Release|Any CPU.ActiveCfg = Release|Any CPU
		{DCBB0D7B-649A-449D-B995-797AB6529086}.Release|Any CPU.Build.0 = Release|Any CPU
		{298F6400-C765-43E5-9CFE-22CD4DB34CED}.Debug|Any CPU.ActiveCfg = Debug|Any CPU
		{298F6400-C765-43E5-9CFE-22CD4DB34CED}.Debug|Any CPU.Build.0 = Debug|Any CPU
		{298F6400-C765-43E5-9CFE-22CD4DB34CED}.Release|Any CPU.ActiveCfg = Release|Any CPU
		{298F6400-C765-43E5-9CFE-22CD4DB34CED}.Release|Any CPU.Build.0 = Release|Any CPU
		{BE11BF82-BE36-45D5-BBDF-214B66D50C9D}.Debug|Any CPU.ActiveCfg = Debug|Any CPU
		{BE11BF82-BE36-45D5-BBDF-214B66D50C9D}.Debug|Any CPU.Build.0 = Debug|Any CPU
		{BE11BF82-BE36-45D5-BBDF-214B66D50C9D}.Release|Any CPU.ActiveCfg = Release|Any CPU
		{BE11BF82-BE36-45D5-BBDF-214B66D50C9D}.Release|Any CPU.Build.0 = Release|Any CPU
		{F20F58B3-2874-4952-BA7D-315A3D23220E}.Debug|Any CPU.ActiveCfg = Debug|Any CPU
		{F20F58B3-2874-4952-BA7D-315A3D23220E}.Debug|Any CPU.Build.0 = Debug|Any CPU
		{F20F58B3-2874-4952-BA7D-315A3D23220E}.Release|Any CPU.ActiveCfg = Release|Any CPU
		{F20F58B3-2874-4952-BA7D-315A3D23220E}.Release|Any CPU.Build.0 = Release|Any CPU
		{5DAB9B3E-F129-40D6-B431-E27614C47C34}.Debug|Any CPU.ActiveCfg = Debug|Any CPU
		{5DAB9B3E-F129-40D6-B431-E27614C47C34}.Debug|Any CPU.Build.0 = Debug|Any CPU
		{5DAB9B3E-F129-40D6-B431-E27614C47C34}.Release|Any CPU.ActiveCfg = Release|Any CPU
		{5DAB9B3E-F129-40D6-B431-E27614C47C34}.Release|Any CPU.Build.0 = Release|Any CPU
		{BA67B736-A15B-4FF1-8438-F40C22631E18}.Debug|Any CPU.ActiveCfg = Debug|Any CPU
		{BA67B736-A15B-4FF1-8438-F40C22631E18}.Debug|Any CPU.Build.0 = Debug|Any CPU
		{BA67B736-A15B-4FF1-8438-F40C22631E18}.Release|Any CPU.ActiveCfg = Release|Any CPU
		{BA67B736-A15B-4FF1-8438-F40C22631E18}.Release|Any CPU.Build.0 = Release|Any CPU
		{7C1F92E6-0AD6-4790-9852-3902CDD560BD}.Debug|Any CPU.ActiveCfg = Debug|Any CPU
		{7C1F92E6-0AD6-4790-9852-3902CDD560BD}.Debug|Any CPU.Build.0 = Debug|Any CPU
		{7C1F92E6-0AD6-4790-9852-3902CDD560BD}.Release|Any CPU.ActiveCfg = Release|Any CPU
		{7C1F92E6-0AD6-4790-9852-3902CDD560BD}.Release|Any CPU.Build.0 = Release|Any CPU
		{B65DF813-65A1-4CE9-A440-0C1CADAD3BAA}.Debug|Any CPU.ActiveCfg = Debug|Any CPU
		{B65DF813-65A1-4CE9-A440-0C1CADAD3BAA}.Debug|Any CPU.Build.0 = Debug|Any CPU
		{B65DF813-65A1-4CE9-A440-0C1CADAD3BAA}.Release|Any CPU.ActiveCfg = Release|Any CPU
		{B65DF813-65A1-4CE9-A440-0C1CADAD3BAA}.Release|Any CPU.Build.0 = Release|Any CPU
	EndGlobalSection
	GlobalSection(SolutionProperties) = preSolution
		HideSolutionNode = FALSE
	EndGlobalSection
	GlobalSection(NestedProjects) = preSolution
		{A3FD7B34-D6A3-4A2D-B0F2-674C08ACB37C} = {02EA681E-C7D8-13C7-8484-4AC65E1B71E8}
		{F355B048-B37D-4D71-A1E2-9ADD73F488D3} = {A2B9B694-C899-45D5-874C-710EBB1E003C}
		{D33AD3F0-148C-43F1-9F68-AE412D009693} = {F2671468-D893-4DCD-B81C-8DC9DED2F7A9}
		{EC3CF875-92F6-48F1-B485-2C3078FD6222} = {F2671468-D893-4DCD-B81C-8DC9DED2F7A9}
		{0DA6DA44-01AD-42D6-A7C8-0BD62B5671F5} = {F2671468-D893-4DCD-B81C-8DC9DED2F7A9}
		{17FC98BA-0C98-4326-AE18-0C3891F005E0} = {E5DEEACD-2EA1-4E9F-B029-1760812E898A}
		{DCBB0D7B-649A-449D-B995-797AB6529086} = {E5DEEACD-2EA1-4E9F-B029-1760812E898A}
		{298F6400-C765-43E5-9CFE-22CD4DB34CED} = {E5DEEACD-2EA1-4E9F-B029-1760812E898A}
		{BE11BF82-BE36-45D5-BBDF-214B66D50C9D} = {55C93376-C800-41FB-826D-4FED33466350}
		{F20F58B3-2874-4952-BA7D-315A3D23220E} = {55C93376-C800-41FB-826D-4FED33466350}
		{5DAB9B3E-F129-40D6-B431-E27614C47C34} = {55C93376-C800-41FB-826D-4FED33466350}
		{BA67B736-A15B-4FF1-8438-F40C22631E18} = {D37F4271-F9E4-4E95-9BEA-103CE53CA2F9}
		{7C1F92E6-0AD6-4790-9852-3902CDD560BD} = {D37F4271-F9E4-4E95-9BEA-103CE53CA2F9}
		{B65DF813-65A1-4CE9-A440-0C1CADAD3BAA} = {D37F4271-F9E4-4E95-9BEA-103CE53CA2F9}
	EndGlobalSection
	GlobalSection(ExtensibilityGlobals) = postSolution
		SolutionGuid = {B945AC78-6E07-47CB-B9D3-927F9F5F4EE5}
	EndGlobalSection
EndGlobal
